PODS:
  - AFNetworking/NSURLSession (4.0.1):
    - AFNetworking/Reachability
    - AFNetworking/Security
    - AFNetworking/Serialization
  - AFNetworking/Reachability (4.0.1)
  - AFNetworking/Security (4.0.1)
  - AFNetworking/Serialization (4.0.1)
  - IQKeyboardManager (6.5.5)
  - Masonry (1.1.0)
  - MBProgressHUD (1.2.0)
  - MJRefresh (3.3.1)
  - MMDrawerController (0.6.0):
    - MMDrawerController/Core (= 0.6.0)
    - MMDrawerController/MMDrawerBarButtonItem (= 0.6.0)
    - MMDrawerController/MMDrawerVisualStates (= 0.6.0)
    - MMDrawerController/Subclass (= 0.6.0)
  - MMDrawerController/Core (0.6.0)
  - MMDrawerController/MMDrawerBarButtonItem (0.6.0):
    - MMDrawerController/Core
  - MMDrawerController/MMDrawerVisualStates (0.6.0):
    - MMDrawerController/Core
  - MMDrawerController/Subclass (0.6.0):
    - MMDrawerController/Core
  - pop (1.0.12)
  - SDCycleScrollView (1.80):
    - SDWebImage (>= 5.0.0)
  - SDWebImage (5.7.1):
    - SDWebImage/Core (= 5.7.1)
  - SDWebImage/Core (5.7.1)
  - YTKNetwork (3.0.0):
    - AFNetworking/NSURLSession (~> 4.0)
  - YYKit (1.0.9):
    - YYKit/no-arc (= 1.0.9)
  - YYKit/no-arc (1.0.9)

DEPENDENCIES:
  - IQKeyboardManager
  - Masonry
  - MBProgressHUD (~> 1.2.0)
  - MJRefresh
  - MMDrawerController
  - pop (~> 1.0)
  - SDCycleScrollView
  - SDWebImage
  - YTKNetwork
  - YYKit

SPEC REPOS:
  https://github.com/CocoaPods/Specs:
    - AFNetworking
    - IQKeyboardManager
    - Masonry
    - MBProgressHUD
    - MJRefresh
    - MMDrawerController
    - pop
    - SDCycleScrollView
    - SDWebImage
    - YTKNetwork
    - YYKit

SPEC CHECKSUMS:
  AFNetworking: 7864c38297c79aaca1500c33288e429c3451fdce
  IQKeyboardManager: 3a8b9e603f8b0eeaf5f096a1f2b2cfcf121992ef
  Masonry: 678fab65091a9290e40e2832a55e7ab731aad201
  MBProgressHUD: 3ee5efcc380f6a79a7cc9b363dd669c5e1ae7406
  MJRefresh: eeda70fbf0ad277f3178cef1cd0c3532591d6237
  MMDrawerController: e3a54a5570388463ad3b36975251575b50c4e1a0
  pop: d582054913807fd11fd50bfe6a539d91c7e1a55a
  SDCycleScrollView: b3c9a5ed840c771c4938978174c7c9d9feefeb96
  SDWebImage: 5d4cf6afccd9ac1d2ee701ed0c4917cbb1b80536
  YTKNetwork: 0587ce85fda2e2c591405089cc9aaa61649aa5ed
  YYKit: 7cda43304a8dc3696c449041e2cb3107b4e236e7

PODFILE CHECKSUM: e23b3a4fa9d1c9233d9283d9812dd9c825b1b594

COCOAPODS: 1.9.1
