// !$*UTF8*$!
{
	archiveVersion = 1;
	classes = {
	};
	objectVersion = 51;
	objects = {

/* Begin PBXBuildFile section */
		752FF29824654FD800F57E79 /* Const.m in Sources */ = {isa = PBXBuildFile; fileRef = 752FF29724654FD800F57E79 /* Const.m */; };
		752FF29B24654FF400F57E79 /* BaseModel.m in Sources */ = {isa = PBXBuildFile; fileRef = 752FF29A24654FF400F57E79 /* BaseModel.m */; };
		752FF29E2465500600F57E79 /* BaseController.m in Sources */ = {isa = PBXBuildFile; fileRef = 752FF29D2465500600F57E79 /* BaseController.m */; };
		752FF2A12465501000F57E79 /* BaseView.m in Sources */ = {isa = PBXBuildFile; fileRef = 752FF2A02465501000F57E79 /* BaseView.m */; };
		752FF2A42465502600F57E79 /* BaseNaviController.m in Sources */ = {isa = PBXBuildFile; fileRef = 752FF2A32465502600F57E79 /* BaseNaviController.m */; };
		752FF2A72465505100F57E79 /* BaseApi.m in Sources */ = {isa = PBXBuildFile; fileRef = 752FF2A62465505100F57E79 /* BaseApi.m */; };
		752FF2AA2465527800F57E79 /* BaseTabBarController.m in Sources */ = {isa = PBXBuildFile; fileRef = 752FF2A92465527800F57E79 /* BaseTabBarController.m */; };
		75905CBC246643A000101BDA /* Tools.m in Sources */ = {isa = PBXBuildFile; fileRef = 75905CBB246643A000101BDA /* Tools.m */; };
		75905CED2466575C00101BDA /* NSMutableArray+Safe.m in Sources */ = {isa = PBXBuildFile; fileRef = 75905CBD2466575300101BDA /* NSMutableArray+Safe.m */; };
		75905CEE2466575C00101BDA /* NSDictionary+Safe.m in Sources */ = {isa = PBXBuildFile; fileRef = 75905CC32466575400101BDA /* NSDictionary+Safe.m */; };
		75905CEF2466575C00101BDA /* NSMutableDictionary+Safe.m in Sources */ = {isa = PBXBuildFile; fileRef = 75905CC42466575400101BDA /* NSMutableDictionary+Safe.m */; };
		75905CF02466575C00101BDA /* NSAttributedString+Category.m in Sources */ = {isa = PBXBuildFile; fileRef = 75905CC52466575400101BDA /* NSAttributedString+Category.m */; };
		75905CF12466575C00101BDA /* UIButton+Category.m in Sources */ = {isa = PBXBuildFile; fileRef = 75905CC92466575500101BDA /* UIButton+Category.m */; };
		75905CF22466575C00101BDA /* NSString+Safe.m in Sources */ = {isa = PBXBuildFile; fileRef = 75905CCB2466575700101BDA /* NSString+Safe.m */; };
		75905CF32466575C00101BDA /* NSString+DisplayTime.m in Sources */ = {isa = PBXBuildFile; fileRef = 75905CCE2466575700101BDA /* NSString+DisplayTime.m */; };
		75905CF42466575C00101BDA /* NSString+Category.m in Sources */ = {isa = PBXBuildFile; fileRef = 75905CD02466575800101BDA /* NSString+Category.m */; };
		75905CF52466575C00101BDA /* UIColor+Category.m in Sources */ = {isa = PBXBuildFile; fileRef = 75905CD32466575800101BDA /* UIColor+Category.m */; };
		75905CF62466575C00101BDA /* NSString+Predicate.m in Sources */ = {isa = PBXBuildFile; fileRef = 75905CD42466575800101BDA /* NSString+Predicate.m */; };
		75905CF72466575C00101BDA /* NSObject+PerformBlock.m in Sources */ = {isa = PBXBuildFile; fileRef = 75905CD52466575800101BDA /* NSObject+PerformBlock.m */; };
		75905CF82466575C00101BDA /* UIView+Category.m in Sources */ = {isa = PBXBuildFile; fileRef = 75905CD72466575900101BDA /* UIView+Category.m */; };
		75905CF92466575C00101BDA /* UITableView+CellAnimation.m in Sources */ = {isa = PBXBuildFile; fileRef = 75905CDE2466575A00101BDA /* UITableView+CellAnimation.m */; };
		75905CFA2466575C00101BDA /* NSString+MD5.m in Sources */ = {isa = PBXBuildFile; fileRef = 75905CDF2466575A00101BDA /* NSString+MD5.m */; };
		75905CFB2466575C00101BDA /* NSArray+Safe.m in Sources */ = {isa = PBXBuildFile; fileRef = 75905CE02466575A00101BDA /* NSArray+Safe.m */; };
		75905CFC2466575C00101BDA /* NSData+CommonCryptor.m in Sources */ = {isa = PBXBuildFile; fileRef = 75905CE12466575A00101BDA /* NSData+CommonCryptor.m */; };
		75905CFD2466575C00101BDA /* NSMutableString+Safe.m in Sources */ = {isa = PBXBuildFile; fileRef = 75905CE22466575B00101BDA /* NSMutableString+Safe.m */; };
		75905CFE2466575C00101BDA /* NSObject+Category.m in Sources */ = {isa = PBXBuildFile; fileRef = 75905CE32466575B00101BDA /* NSObject+Category.m */; };
		75905CFF2466575C00101BDA /* UIMenuItem+Category.m in Sources */ = {isa = PBXBuildFile; fileRef = 75905CE42466575B00101BDA /* UIMenuItem+Category.m */; };
		75905D002466575C00101BDA /* UIView+Frame.m in Sources */ = {isa = PBXBuildFile; fileRef = 75905CE52466575B00101BDA /* UIView+Frame.m */; };
		75905D012466575C00101BDA /* NSObject+Swizzle.m in Sources */ = {isa = PBXBuildFile; fileRef = 75905CE62466575B00101BDA /* NSObject+Swizzle.m */; };
		75905D022466575C00101BDA /* NSArray+Category.m in Sources */ = {isa = PBXBuildFile; fileRef = 75905CE72466575B00101BDA /* NSArray+Category.m */; };
		75905D032466575C00101BDA /* NSDictionary+Category.m in Sources */ = {isa = PBXBuildFile; fileRef = 75905CEA2466575C00101BDA /* NSDictionary+Category.m */; };
		75905D042466575C00101BDA /* UIImage+Category.m in Sources */ = {isa = PBXBuildFile; fileRef = 75905CEB2466575C00101BDA /* UIImage+Category.m */; };
		75A6362124653AC10074B009 /* AppDelegate.m in Sources */ = {isa = PBXBuildFile; fileRef = 75A6362024653AC10074B009 /* AppDelegate.m */; };
		75A6362424653AC10074B009 /* SceneDelegate.m in Sources */ = {isa = PBXBuildFile; fileRef = 75A6362324653AC10074B009 /* SceneDelegate.m */; };
		75A6362724653AC10074B009 /* ViewController.m in Sources */ = {isa = PBXBuildFile; fileRef = 75A6362624653AC10074B009 /* ViewController.m */; };
		75A6362A24653AC10074B009 /* Main.storyboard in Resources */ = {isa = PBXBuildFile; fileRef = 75A6362824653AC10074B009 /* Main.storyboard */; };
		75A6362C24653AC20074B009 /* Assets.xcassets in Resources */ = {isa = PBXBuildFile; fileRef = 75A6362B24653AC20074B009 /* Assets.xcassets */; };
		75A6362F24653AC20074B009 /* LaunchScreen.storyboard in Resources */ = {isa = PBXBuildFile; fileRef = 75A6362D24653AC20074B009 /* LaunchScreen.storyboard */; };
		75A6363224653AC20074B009 /* main.m in Sources */ = {isa = PBXBuildFile; fileRef = 75A6363124653AC20074B009 /* main.m */; };
		75A6363C24653AC20074B009 /* BaseTests.m in Sources */ = {isa = PBXBuildFile; fileRef = 75A6363B24653AC20074B009 /* BaseTests.m */; };
		75A63649246543640074B009 /* MainViewController.m in Sources */ = {isa = PBXBuildFile; fileRef = 75A63648246543640074B009 /* MainViewController.m */; };
		C7400E7D255643CB9F20D6EE /* libPods-Base.a in Frameworks */ = {isa = PBXBuildFile; fileRef = ABB21BE3522D68FA42E64DC9 /* libPods-Base.a */; };
/* End PBXBuildFile section */

/* Begin PBXContainerItemProxy section */
		75A6363824653AC20074B009 /* PBXContainerItemProxy */ = {
			isa = PBXContainerItemProxy;
			containerPortal = 75A6361424653AC00074B009 /* Project object */;
			proxyType = 1;
			remoteGlobalIDString = 75A6361B24653AC00074B009;
			remoteInfo = Base;
		};
/* End PBXContainerItemProxy section */

/* Begin PBXFileReference section */
		752FF28F24654E0600F57E79 /* PrefixHeader.pch */ = {isa = PBXFileReference; lastKnownFileType = sourcecode.c.h; path = PrefixHeader.pch; sourceTree = "<group>"; };
		752FF29624654FD800F57E79 /* Const.h */ = {isa = PBXFileReference; lastKnownFileType = sourcecode.c.h; path = Const.h; sourceTree = "<group>"; };
		752FF29724654FD800F57E79 /* Const.m */ = {isa = PBXFileReference; lastKnownFileType = sourcecode.c.objc; path = Const.m; sourceTree = "<group>"; };
		752FF29924654FF400F57E79 /* BaseModel.h */ = {isa = PBXFileReference; lastKnownFileType = sourcecode.c.h; path = BaseModel.h; sourceTree = "<group>"; };
		752FF29A24654FF400F57E79 /* BaseModel.m */ = {isa = PBXFileReference; lastKnownFileType = sourcecode.c.objc; path = BaseModel.m; sourceTree = "<group>"; };
		752FF29C2465500600F57E79 /* BaseController.h */ = {isa = PBXFileReference; lastKnownFileType = sourcecode.c.h; path = BaseController.h; sourceTree = "<group>"; };
		752FF29D2465500600F57E79 /* BaseController.m */ = {isa = PBXFileReference; lastKnownFileType = sourcecode.c.objc; path = BaseController.m; sourceTree = "<group>"; };
		752FF29F2465501000F57E79 /* BaseView.h */ = {isa = PBXFileReference; lastKnownFileType = sourcecode.c.h; path = BaseView.h; sourceTree = "<group>"; };
		752FF2A02465501000F57E79 /* BaseView.m */ = {isa = PBXFileReference; lastKnownFileType = sourcecode.c.objc; path = BaseView.m; sourceTree = "<group>"; };
		752FF2A22465502600F57E79 /* BaseNaviController.h */ = {isa = PBXFileReference; lastKnownFileType = sourcecode.c.h; path = BaseNaviController.h; sourceTree = "<group>"; };
		752FF2A32465502600F57E79 /* BaseNaviController.m */ = {isa = PBXFileReference; lastKnownFileType = sourcecode.c.objc; path = BaseNaviController.m; sourceTree = "<group>"; };
		752FF2A52465505100F57E79 /* BaseApi.h */ = {isa = PBXFileReference; lastKnownFileType = sourcecode.c.h; path = BaseApi.h; sourceTree = "<group>"; };
		752FF2A62465505100F57E79 /* BaseApi.m */ = {isa = PBXFileReference; lastKnownFileType = sourcecode.c.objc; path = BaseApi.m; sourceTree = "<group>"; };
		752FF2A82465527800F57E79 /* BaseTabBarController.h */ = {isa = PBXFileReference; lastKnownFileType = sourcecode.c.h; path = BaseTabBarController.h; sourceTree = "<group>"; };
		752FF2A92465527800F57E79 /* BaseTabBarController.m */ = {isa = PBXFileReference; lastKnownFileType = sourcecode.c.objc; path = BaseTabBarController.m; sourceTree = "<group>"; };
		75905CB8246633DF00101BDA /* SDK-Header.h */ = {isa = PBXFileReference; lastKnownFileType = sourcecode.c.h; path = "SDK-Header.h"; sourceTree = "<group>"; };
		75905CBA246643A000101BDA /* Tools.h */ = {isa = PBXFileReference; lastKnownFileType = sourcecode.c.h; path = Tools.h; sourceTree = "<group>"; };
		75905CBB246643A000101BDA /* Tools.m */ = {isa = PBXFileReference; lastKnownFileType = sourcecode.c.objc; path = Tools.m; sourceTree = "<group>"; };
		75905CBD2466575300101BDA /* NSMutableArray+Safe.m */ = {isa = PBXFileReference; fileEncoding = 4; lastKnownFileType = sourcecode.c.objc; path = "NSMutableArray+Safe.m"; sourceTree = "<group>"; };
		75905CBE2466575300101BDA /* NSArray+Safe.h */ = {isa = PBXFileReference; fileEncoding = 4; lastKnownFileType = sourcecode.c.h; path = "NSArray+Safe.h"; sourceTree = "<group>"; };
		75905CBF2466575300101BDA /* NSObject+Category.h */ = {isa = PBXFileReference; fileEncoding = 4; lastKnownFileType = sourcecode.c.h; path = "NSObject+Category.h"; sourceTree = "<group>"; };
		75905CC02466575400101BDA /* NSDictionary+Safe.h */ = {isa = PBXFileReference; fileEncoding = 4; lastKnownFileType = sourcecode.c.h; path = "NSDictionary+Safe.h"; sourceTree = "<group>"; };
		75905CC12466575400101BDA /* UIImage+Category.h */ = {isa = PBXFileReference; fileEncoding = 4; lastKnownFileType = sourcecode.c.h; path = "UIImage+Category.h"; sourceTree = "<group>"; };
		75905CC22466575400101BDA /* NSObject+Swizzle.h */ = {isa = PBXFileReference; fileEncoding = 4; lastKnownFileType = sourcecode.c.h; path = "NSObject+Swizzle.h"; sourceTree = "<group>"; };
		75905CC32466575400101BDA /* NSDictionary+Safe.m */ = {isa = PBXFileReference; fileEncoding = 4; lastKnownFileType = sourcecode.c.objc; path = "NSDictionary+Safe.m"; sourceTree = "<group>"; };
		75905CC42466575400101BDA /* NSMutableDictionary+Safe.m */ = {isa = PBXFileReference; fileEncoding = 4; lastKnownFileType = sourcecode.c.objc; path = "NSMutableDictionary+Safe.m"; sourceTree = "<group>"; };
		75905CC52466575400101BDA /* NSAttributedString+Category.m */ = {isa = PBXFileReference; fileEncoding = 4; lastKnownFileType = sourcecode.c.objc; path = "NSAttributedString+Category.m"; sourceTree = "<group>"; };
		75905CC62466575500101BDA /* NSString+MD5.h */ = {isa = PBXFileReference; fileEncoding = 4; lastKnownFileType = sourcecode.c.h; path = "NSString+MD5.h"; sourceTree = "<group>"; };
		75905CC72466575500101BDA /* NSString+DisplayTime.h */ = {isa = PBXFileReference; fileEncoding = 4; lastKnownFileType = sourcecode.c.h; path = "NSString+DisplayTime.h"; sourceTree = "<group>"; };
		75905CC82466575500101BDA /* NSString+Safe.h */ = {isa = PBXFileReference; fileEncoding = 4; lastKnownFileType = sourcecode.c.h; path = "NSString+Safe.h"; sourceTree = "<group>"; };
		75905CC92466575500101BDA /* UIButton+Category.m */ = {isa = PBXFileReference; fileEncoding = 4; lastKnownFileType = sourcecode.c.objc; path = "UIButton+Category.m"; sourceTree = "<group>"; };
		75905CCA2466575500101BDA /* NSMutableDictionary+Safe.h */ = {isa = PBXFileReference; fileEncoding = 4; lastKnownFileType = sourcecode.c.h; path = "NSMutableDictionary+Safe.h"; sourceTree = "<group>"; };
		75905CCB2466575700101BDA /* NSString+Safe.m */ = {isa = PBXFileReference; fileEncoding = 4; lastKnownFileType = sourcecode.c.objc; path = "NSString+Safe.m"; sourceTree = "<group>"; };
		75905CCC2466575700101BDA /* NSAttributedString+Category.h */ = {isa = PBXFileReference; fileEncoding = 4; lastKnownFileType = sourcecode.c.h; path = "NSAttributedString+Category.h"; sourceTree = "<group>"; };
		75905CCD2466575700101BDA /* UIColor+Category.h */ = {isa = PBXFileReference; fileEncoding = 4; lastKnownFileType = sourcecode.c.h; path = "UIColor+Category.h"; sourceTree = "<group>"; };
		75905CCE2466575700101BDA /* NSString+DisplayTime.m */ = {isa = PBXFileReference; fileEncoding = 4; lastKnownFileType = sourcecode.c.objc; path = "NSString+DisplayTime.m"; sourceTree = "<group>"; };
		75905CCF2466575700101BDA /* NSMutableString+Safe.h */ = {isa = PBXFileReference; fileEncoding = 4; lastKnownFileType = sourcecode.c.h; path = "NSMutableString+Safe.h"; sourceTree = "<group>"; };
		75905CD02466575800101BDA /* NSString+Category.m */ = {isa = PBXFileReference; fileEncoding = 4; lastKnownFileType = sourcecode.c.objc; path = "NSString+Category.m"; sourceTree = "<group>"; };
		75905CD12466575800101BDA /* NSString+Predicate.h */ = {isa = PBXFileReference; fileEncoding = 4; lastKnownFileType = sourcecode.c.h; path = "NSString+Predicate.h"; sourceTree = "<group>"; };
		75905CD22466575800101BDA /* UIButton+Category.h */ = {isa = PBXFileReference; fileEncoding = 4; lastKnownFileType = sourcecode.c.h; path = "UIButton+Category.h"; sourceTree = "<group>"; };
		75905CD32466575800101BDA /* UIColor+Category.m */ = {isa = PBXFileReference; fileEncoding = 4; lastKnownFileType = sourcecode.c.objc; path = "UIColor+Category.m"; sourceTree = "<group>"; };
		75905CD42466575800101BDA /* NSString+Predicate.m */ = {isa = PBXFileReference; fileEncoding = 4; lastKnownFileType = sourcecode.c.objc; path = "NSString+Predicate.m"; sourceTree = "<group>"; };
		75905CD52466575800101BDA /* NSObject+PerformBlock.m */ = {isa = PBXFileReference; fileEncoding = 4; lastKnownFileType = sourcecode.c.objc; path = "NSObject+PerformBlock.m"; sourceTree = "<group>"; };
		75905CD62466575900101BDA /* UIView+Category.h */ = {isa = PBXFileReference; fileEncoding = 4; lastKnownFileType = sourcecode.c.h; path = "UIView+Category.h"; sourceTree = "<group>"; };
		75905CD72466575900101BDA /* UIView+Category.m */ = {isa = PBXFileReference; fileEncoding = 4; lastKnownFileType = sourcecode.c.objc; path = "UIView+Category.m"; sourceTree = "<group>"; };
		75905CD82466575900101BDA /* NSString+Category.h */ = {isa = PBXFileReference; fileEncoding = 4; lastKnownFileType = sourcecode.c.h; path = "NSString+Category.h"; sourceTree = "<group>"; };
		75905CD92466575900101BDA /* NSObject+PerformBlock.h */ = {isa = PBXFileReference; fileEncoding = 4; lastKnownFileType = sourcecode.c.h; path = "NSObject+PerformBlock.h"; sourceTree = "<group>"; };
		75905CDA2466575900101BDA /* NSData+CommonCryptor.h */ = {isa = PBXFileReference; fileEncoding = 4; lastKnownFileType = sourcecode.c.h; path = "NSData+CommonCryptor.h"; sourceTree = "<group>"; };
		75905CDB2466575900101BDA /* NSDictionary+Category.h */ = {isa = PBXFileReference; fileEncoding = 4; lastKnownFileType = sourcecode.c.h; path = "NSDictionary+Category.h"; sourceTree = "<group>"; };
		75905CDC2466575A00101BDA /* NSMutableArray+Safe.h */ = {isa = PBXFileReference; fileEncoding = 4; lastKnownFileType = sourcecode.c.h; path = "NSMutableArray+Safe.h"; sourceTree = "<group>"; };
		75905CDD2466575A00101BDA /* UITableView+CellAnimation.h */ = {isa = PBXFileReference; fileEncoding = 4; lastKnownFileType = sourcecode.c.h; path = "UITableView+CellAnimation.h"; sourceTree = "<group>"; };
		75905CDE2466575A00101BDA /* UITableView+CellAnimation.m */ = {isa = PBXFileReference; fileEncoding = 4; lastKnownFileType = sourcecode.c.objc; path = "UITableView+CellAnimation.m"; sourceTree = "<group>"; };
		75905CDF2466575A00101BDA /* NSString+MD5.m */ = {isa = PBXFileReference; fileEncoding = 4; lastKnownFileType = sourcecode.c.objc; path = "NSString+MD5.m"; sourceTree = "<group>"; };
		75905CE02466575A00101BDA /* NSArray+Safe.m */ = {isa = PBXFileReference; fileEncoding = 4; lastKnownFileType = sourcecode.c.objc; path = "NSArray+Safe.m"; sourceTree = "<group>"; };
		75905CE12466575A00101BDA /* NSData+CommonCryptor.m */ = {isa = PBXFileReference; fileEncoding = 4; lastKnownFileType = sourcecode.c.objc; path = "NSData+CommonCryptor.m"; sourceTree = "<group>"; };
		75905CE22466575B00101BDA /* NSMutableString+Safe.m */ = {isa = PBXFileReference; fileEncoding = 4; lastKnownFileType = sourcecode.c.objc; path = "NSMutableString+Safe.m"; sourceTree = "<group>"; };
		75905CE32466575B00101BDA /* NSObject+Category.m */ = {isa = PBXFileReference; fileEncoding = 4; lastKnownFileType = sourcecode.c.objc; path = "NSObject+Category.m"; sourceTree = "<group>"; };
		75905CE42466575B00101BDA /* UIMenuItem+Category.m */ = {isa = PBXFileReference; fileEncoding = 4; lastKnownFileType = sourcecode.c.objc; path = "UIMenuItem+Category.m"; sourceTree = "<group>"; };
		75905CE52466575B00101BDA /* UIView+Frame.m */ = {isa = PBXFileReference; fileEncoding = 4; lastKnownFileType = sourcecode.c.objc; path = "UIView+Frame.m"; sourceTree = "<group>"; };
		75905CE62466575B00101BDA /* NSObject+Swizzle.m */ = {isa = PBXFileReference; fileEncoding = 4; lastKnownFileType = sourcecode.c.objc; path = "NSObject+Swizzle.m"; sourceTree = "<group>"; };
		75905CE72466575B00101BDA /* NSArray+Category.m */ = {isa = PBXFileReference; fileEncoding = 4; lastKnownFileType = sourcecode.c.objc; path = "NSArray+Category.m"; sourceTree = "<group>"; };
		75905CE82466575C00101BDA /* NSArray+Category.h */ = {isa = PBXFileReference; fileEncoding = 4; lastKnownFileType = sourcecode.c.h; path = "NSArray+Category.h"; sourceTree = "<group>"; };
		75905CE92466575C00101BDA /* UIMenuItem+Category.h */ = {isa = PBXFileReference; fileEncoding = 4; lastKnownFileType = sourcecode.c.h; path = "UIMenuItem+Category.h"; sourceTree = "<group>"; };
		75905CEA2466575C00101BDA /* NSDictionary+Category.m */ = {isa = PBXFileReference; fileEncoding = 4; lastKnownFileType = sourcecode.c.objc; path = "NSDictionary+Category.m"; sourceTree = "<group>"; };
		75905CEB2466575C00101BDA /* UIImage+Category.m */ = {isa = PBXFileReference; fileEncoding = 4; lastKnownFileType = sourcecode.c.objc; path = "UIImage+Category.m"; sourceTree = "<group>"; };
		75905CEC2466575C00101BDA /* UIView+Frame.h */ = {isa = PBXFileReference; fileEncoding = 4; lastKnownFileType = sourcecode.c.h; path = "UIView+Frame.h"; sourceTree = "<group>"; };
		75A6361C24653AC00074B009 /* Base.app */ = {isa = PBXFileReference; explicitFileType = wrapper.application; includeInIndex = 0; path = Base.app; sourceTree = BUILT_PRODUCTS_DIR; };
		75A6361F24653AC10074B009 /* AppDelegate.h */ = {isa = PBXFileReference; lastKnownFileType = sourcecode.c.h; path = AppDelegate.h; sourceTree = "<group>"; };
		75A6362024653AC10074B009 /* AppDelegate.m */ = {isa = PBXFileReference; lastKnownFileType = sourcecode.c.objc; path = AppDelegate.m; sourceTree = "<group>"; };
		75A6362224653AC10074B009 /* SceneDelegate.h */ = {isa = PBXFileReference; lastKnownFileType = sourcecode.c.h; path = SceneDelegate.h; sourceTree = "<group>"; };
		75A6362324653AC10074B009 /* SceneDelegate.m */ = {isa = PBXFileReference; lastKnownFileType = sourcecode.c.objc; path = SceneDelegate.m; sourceTree = "<group>"; };
		75A6362524653AC10074B009 /* ViewController.h */ = {isa = PBXFileReference; lastKnownFileType = sourcecode.c.h; path = ViewController.h; sourceTree = "<group>"; };
		75A6362624653AC10074B009 /* ViewController.m */ = {isa = PBXFileReference; lastKnownFileType = sourcecode.c.objc; path = ViewController.m; sourceTree = "<group>"; };
		75A6362924653AC10074B009 /* Base */ = {isa = PBXFileReference; lastKnownFileType = file.storyboard; name = Base; path = Base.lproj/Main.storyboard; sourceTree = "<group>"; };
		75A6362B24653AC20074B009 /* Assets.xcassets */ = {isa = PBXFileReference; lastKnownFileType = folder.assetcatalog; path = Assets.xcassets; sourceTree = "<group>"; };
		75A6362E24653AC20074B009 /* Base */ = {isa = PBXFileReference; lastKnownFileType = file.storyboard; name = Base; path = Base.lproj/LaunchScreen.storyboard; sourceTree = "<group>"; };
		75A6363024653AC20074B009 /* Info.plist */ = {isa = PBXFileReference; lastKnownFileType = text.plist.xml; path = Info.plist; sourceTree = "<group>"; };
		75A6363124653AC20074B009 /* main.m */ = {isa = PBXFileReference; lastKnownFileType = sourcecode.c.objc; path = main.m; sourceTree = "<group>"; };
		75A6363724653AC20074B009 /* BaseTests.xctest */ = {isa = PBXFileReference; explicitFileType = wrapper.cfbundle; includeInIndex = 0; path = BaseTests.xctest; sourceTree = BUILT_PRODUCTS_DIR; };
		75A6363B24653AC20074B009 /* BaseTests.m */ = {isa = PBXFileReference; lastKnownFileType = sourcecode.c.objc; path = BaseTests.m; sourceTree = "<group>"; };
		75A6363D24653AC20074B009 /* Info.plist */ = {isa = PBXFileReference; lastKnownFileType = text.plist.xml; path = Info.plist; sourceTree = "<group>"; };
		75A63647246543640074B009 /* MainViewController.h */ = {isa = PBXFileReference; lastKnownFileType = sourcecode.c.h; path = MainViewController.h; sourceTree = "<group>"; };
		75A63648246543640074B009 /* MainViewController.m */ = {isa = PBXFileReference; lastKnownFileType = sourcecode.c.objc; path = MainViewController.m; sourceTree = "<group>"; };
		918662365F01CF81A0787B5A /* Pods-Base.release.xcconfig */ = {isa = PBXFileReference; includeInIndex = 1; lastKnownFileType = text.xcconfig; name = "Pods-Base.release.xcconfig"; path = "Target Support Files/Pods-Base/Pods-Base.release.xcconfig"; sourceTree = "<group>"; };
		97F2D7F539327746E1B7CE7B /* Pods-Base.debug.xcconfig */ = {isa = PBXFileReference; includeInIndex = 1; lastKnownFileType = text.xcconfig; name = "Pods-Base.debug.xcconfig"; path = "Target Support Files/Pods-Base/Pods-Base.debug.xcconfig"; sourceTree = "<group>"; };
		ABB21BE3522D68FA42E64DC9 /* libPods-Base.a */ = {isa = PBXFileReference; explicitFileType = archive.ar; includeInIndex = 0; path = "libPods-Base.a"; sourceTree = BUILT_PRODUCTS_DIR; };
/* End PBXFileReference section */

/* Begin PBXFrameworksBuildPhase section */
		75A6361924653AC00074B009 /* Frameworks */ = {
			isa = PBXFrameworksBuildPhase;
			buildActionMask = 2147483647;
			files = (
				C7400E7D255643CB9F20D6EE /* libPods-Base.a in Frameworks */,
			);
			runOnlyForDeploymentPostprocessing = 0;
		};
		75A6363424653AC20074B009 /* Frameworks */ = {
			isa = PBXFrameworksBuildPhase;
			buildActionMask = 2147483647;
			files = (
			);
			runOnlyForDeploymentPostprocessing = 0;
		};
/* End PBXFrameworksBuildPhase section */

/* Begin PBXGroup section */
		7351B2A9B5CBB0F4CAE0DBDD /* Frameworks */ = {
			isa = PBXGroup;
			children = (
				ABB21BE3522D68FA42E64DC9 /* libPods-Base.a */,
			);
			name = Frameworks;
			sourceTree = "<group>";
		};
		752FF29024654F1D00F57E79 /* Module */ = {
			isa = PBXGroup;
			children = (
				752FF29124654F4900F57E79 /* Main */,
				75A6364A246547750074B009 /* Home */,
			);
			path = Module;
			sourceTree = "<group>";
		};
		752FF29124654F4900F57E79 /* Main */ = {
			isa = PBXGroup;
			children = (
				75A6363124653AC20074B009 /* main.m */,
				75A63647246543640074B009 /* MainViewController.h */,
				75A63648246543640074B009 /* MainViewController.m */,
			);
			path = Main;
			sourceTree = "<group>";
		};
		752FF29224654F6300F57E79 /* Tools */ = {
			isa = PBXGroup;
			children = (
				752FF29424654F8500F57E79 /* Third */,
				752FF29324654F7900F57E79 /* Category */,
				75905CBA246643A000101BDA /* Tools.h */,
				75905CBB246643A000101BDA /* Tools.m */,
			);
			path = Tools;
			sourceTree = "<group>";
		};
		752FF29324654F7900F57E79 /* Category */ = {
			isa = PBXGroup;
			children = (
				75905CE82466575C00101BDA /* NSArray+Category.h */,
				75905CE72466575B00101BDA /* NSArray+Category.m */,
				75905CBE2466575300101BDA /* NSArray+Safe.h */,
				75905CE02466575A00101BDA /* NSArray+Safe.m */,
				75905CCC2466575700101BDA /* NSAttributedString+Category.h */,
				75905CC52466575400101BDA /* NSAttributedString+Category.m */,
				75905CDA2466575900101BDA /* NSData+CommonCryptor.h */,
				75905CE12466575A00101BDA /* NSData+CommonCryptor.m */,
				75905CDB2466575900101BDA /* NSDictionary+Category.h */,
				75905CEA2466575C00101BDA /* NSDictionary+Category.m */,
				75905CC02466575400101BDA /* NSDictionary+Safe.h */,
				75905CC32466575400101BDA /* NSDictionary+Safe.m */,
				75905CDC2466575A00101BDA /* NSMutableArray+Safe.h */,
				75905CBD2466575300101BDA /* NSMutableArray+Safe.m */,
				75905CCA2466575500101BDA /* NSMutableDictionary+Safe.h */,
				75905CC42466575400101BDA /* NSMutableDictionary+Safe.m */,
				75905CCF2466575700101BDA /* NSMutableString+Safe.h */,
				75905CE22466575B00101BDA /* NSMutableString+Safe.m */,
				75905CBF2466575300101BDA /* NSObject+Category.h */,
				75905CE32466575B00101BDA /* NSObject+Category.m */,
				75905CD92466575900101BDA /* NSObject+PerformBlock.h */,
				75905CD52466575800101BDA /* NSObject+PerformBlock.m */,
				75905CC22466575400101BDA /* NSObject+Swizzle.h */,
				75905CE62466575B00101BDA /* NSObject+Swizzle.m */,
				75905CD82466575900101BDA /* NSString+Category.h */,
				75905CD02466575800101BDA /* NSString+Category.m */,
				75905CC72466575500101BDA /* NSString+DisplayTime.h */,
				75905CCE2466575700101BDA /* NSString+DisplayTime.m */,
				75905CC62466575500101BDA /* NSString+MD5.h */,
				75905CDF2466575A00101BDA /* NSString+MD5.m */,
				75905CD12466575800101BDA /* NSString+Predicate.h */,
				75905CD42466575800101BDA /* NSString+Predicate.m */,
				75905CC82466575500101BDA /* NSString+Safe.h */,
				75905CCB2466575700101BDA /* NSString+Safe.m */,
				75905CD22466575800101BDA /* UIButton+Category.h */,
				75905CC92466575500101BDA /* UIButton+Category.m */,
				75905CCD2466575700101BDA /* UIColor+Category.h */,
				75905CD32466575800101BDA /* UIColor+Category.m */,
				75905CC12466575400101BDA /* UIImage+Category.h */,
				75905CEB2466575C00101BDA /* UIImage+Category.m */,
				75905CE92466575C00101BDA /* UIMenuItem+Category.h */,
				75905CE42466575B00101BDA /* UIMenuItem+Category.m */,
				75905CDD2466575A00101BDA /* UITableView+CellAnimation.h */,
				75905CDE2466575A00101BDA /* UITableView+CellAnimation.m */,
				75905CD62466575900101BDA /* UIView+Category.h */,
				75905CD72466575900101BDA /* UIView+Category.m */,
				75905CEC2466575C00101BDA /* UIView+Frame.h */,
				75905CE52466575B00101BDA /* UIView+Frame.m */,
			);
			path = Category;
			sourceTree = "<group>";
		};
		752FF29424654F8500F57E79 /* Third */ = {
			isa = PBXGroup;
			children = (
			);
			path = Third;
			sourceTree = "<group>";
		};
		752FF29524654FA000F57E79 /* Common */ = {
			isa = PBXGroup;
			children = (
				752FF29624654FD800F57E79 /* Const.h */,
				752FF29724654FD800F57E79 /* Const.m */,
			);
			path = Common;
			sourceTree = "<group>";
		};
		75A6361324653AC00074B009 = {
			isa = PBXGroup;
			children = (
				75A6361E24653AC00074B009 /* Base */,
				75A6363A24653AC20074B009 /* BaseTests */,
				75A6361D24653AC00074B009 /* Products */,
				77778C0079B6BB2DEC1F66DA /* Pods */,
				7351B2A9B5CBB0F4CAE0DBDD /* Frameworks */,
			);
			sourceTree = "<group>";
		};
		75A6361D24653AC00074B009 /* Products */ = {
			isa = PBXGroup;
			children = (
				75A6361C24653AC00074B009 /* Base.app */,
				75A6363724653AC20074B009 /* BaseTests.xctest */,
			);
			name = Products;
			sourceTree = "<group>";
		};
		75A6361E24653AC00074B009 /* Base */ = {
			isa = PBXGroup;
			children = (
				75A6364C2465478E0074B009 /* Base */,
				75A6364B246547800074B009 /* Delegate */,
				752FF29024654F1D00F57E79 /* Module */,
				752FF29524654FA000F57E79 /* Common */,
				75A63646246542CB0074B009 /* Resource */,
				752FF29224654F6300F57E79 /* Tools */,
			);
			path = Base;
			sourceTree = "<group>";
		};
		75A6363A24653AC20074B009 /* BaseTests */ = {
			isa = PBXGroup;
			children = (
				75A6363B24653AC20074B009 /* BaseTests.m */,
				75A6363D24653AC20074B009 /* Info.plist */,
			);
			path = BaseTests;
			sourceTree = "<group>";
		};
		75A63646246542CB0074B009 /* Resource */ = {
			isa = PBXGroup;
			children = (
				75A6362824653AC10074B009 /* Main.storyboard */,
				75A6362B24653AC20074B009 /* Assets.xcassets */,
				75A6362D24653AC20074B009 /* LaunchScreen.storyboard */,
				75A6363024653AC20074B009 /* Info.plist */,
				752FF28F24654E0600F57E79 /* PrefixHeader.pch */,
				75905CB8246633DF00101BDA /* SDK-Header.h */,
			);
			path = Resource;
			sourceTree = "<group>";
		};
		75A6364A246547750074B009 /* Home */ = {
			isa = PBXGroup;
			children = (
				75A6362524653AC10074B009 /* ViewController.h */,
				75A6362624653AC10074B009 /* ViewController.m */,
			);
			path = Home;
			sourceTree = "<group>";
		};
		75A6364B246547800074B009 /* Delegate */ = {
			isa = PBXGroup;
			children = (
				75A6361F24653AC10074B009 /* AppDelegate.h */,
				75A6362024653AC10074B009 /* AppDelegate.m */,
				75A6362224653AC10074B009 /* SceneDelegate.h */,
				75A6362324653AC10074B009 /* SceneDelegate.m */,
			);
			path = Delegate;
			sourceTree = "<group>";
		};
		75A6364C2465478E0074B009 /* Base */ = {
			isa = PBXGroup;
			children = (
				752FF2A52465505100F57E79 /* BaseApi.h */,
				752FF2A62465505100F57E79 /* BaseApi.m */,
				752FF29924654FF400F57E79 /* BaseModel.h */,
				752FF29A24654FF400F57E79 /* BaseModel.m */,
				752FF29F2465501000F57E79 /* BaseView.h */,
				752FF2A02465501000F57E79 /* BaseView.m */,
				752FF29C2465500600F57E79 /* BaseController.h */,
				752FF29D2465500600F57E79 /* BaseController.m */,
				752FF2A22465502600F57E79 /* BaseNaviController.h */,
				752FF2A32465502600F57E79 /* BaseNaviController.m */,
				752FF2A82465527800F57E79 /* BaseTabBarController.h */,
				752FF2A92465527800F57E79 /* BaseTabBarController.m */,
			);
			path = Base;
			sourceTree = "<group>";
		};
		77778C0079B6BB2DEC1F66DA /* Pods */ = {
			isa = PBXGroup;
			children = (
				97F2D7F539327746E1B7CE7B /* Pods-Base.debug.xcconfig */,
				918662365F01CF81A0787B5A /* Pods-Base.release.xcconfig */,
			);
			path = Pods;
			sourceTree = "<group>";
		};
/* End PBXGroup section */

/* Begin PBXNativeTarget section */
		75A6361B24653AC00074B009 /* Base */ = {
			isa = PBXNativeTarget;
			buildConfigurationList = 75A6364024653AC20074B009 /* Build configuration list for PBXNativeTarget "Base" */;
			buildPhases = (
				D11E910ABF5BF75B5BBB53A7 /* [CP] Check Pods Manifest.lock */,
				75A6361824653AC00074B009 /* Sources */,
				75A6361924653AC00074B009 /* Frameworks */,
				75A6361A24653AC00074B009 /* Resources */,
				0A621B003F55F4CC1DD10BDD /* [CP] Copy Pods Resources */,
			);
			buildRules = (
			);
			dependencies = (
			);
			name = Base;
			productName = Base;
			productReference = 75A6361C24653AC00074B009 /* Base.app */;
			productType = "com.apple.product-type.application";
		};
		75A6363624653AC20074B009 /* BaseTests */ = {
			isa = PBXNativeTarget;
			buildConfigurationList = 75A6364324653AC20074B009 /* Build configuration list for PBXNativeTarget "BaseTests" */;
			buildPhases = (
				75A6363324653AC20074B009 /* Sources */,
				75A6363424653AC20074B009 /* Frameworks */,
				75A6363524653AC20074B009 /* Resources */,
			);
			buildRules = (
			);
			dependencies = (
				75A6363924653AC20074B009 /* PBXTargetDependency */,
			);
			name = BaseTests;
			productName = BaseTests;
			productReference = 75A6363724653AC20074B009 /* BaseTests.xctest */;
			productType = "com.apple.product-type.bundle.unit-test";
		};
/* End PBXNativeTarget section */

/* Begin PBXProject section */
		75A6361424653AC00074B009 /* Project object */ = {
			isa = PBXProject;
			attributes = {
				LastUpgradeCheck = 1140;
				ORGANIZATIONNAME = mobile;
				TargetAttributes = {
					75A6361B24653AC00074B009 = {
						CreatedOnToolsVersion = 11.4.1;
					};
					75A6363624653AC20074B009 = {
						CreatedOnToolsVersion = 11.4.1;
						TestTargetID = 75A6361B24653AC00074B009;
					};
				};
			};
			buildConfigurationList = 75A6361724653AC00074B009 /* Build configuration list for PBXProject "Base" */;
			compatibilityVersion = "Xcode 9.3";
			developmentRegion = en;
			hasScannedForEncodings = 0;
			knownRegions = (
				en,
				Base,
			);
			mainGroup = 75A6361324653AC00074B009;
			productRefGroup = 75A6361D24653AC00074B009 /* Products */;
			projectDirPath = "";
			projectRoot = "";
			targets = (
				75A6361B24653AC00074B009 /* Base */,
				75A6363624653AC20074B009 /* BaseTests */,
			);
		};
/* End PBXProject section */

/* Begin PBXResourcesBuildPhase section */
		75A6361A24653AC00074B009 /* Resources */ = {
			isa = PBXResourcesBuildPhase;
			buildActionMask = 2147483647;
			files = (
				75A6362F24653AC20074B009 /* LaunchScreen.storyboard in Resources */,
				75A6362C24653AC20074B009 /* Assets.xcassets in Resources */,
				75A6362A24653AC10074B009 /* Main.storyboard in Resources */,
			);
			runOnlyForDeploymentPostprocessing = 0;
		};
		75A6363524653AC20074B009 /* Resources */ = {
			isa = PBXResourcesBuildPhase;
			buildActionMask = 2147483647;
			files = (
			);
			runOnlyForDeploymentPostprocessing = 0;
		};
/* End PBXResourcesBuildPhase section */

/* Begin PBXShellScriptBuildPhase section */
		0A621B003F55F4CC1DD10BDD /* [CP] Copy Pods Resources */ = {
			isa = PBXShellScriptBuildPhase;
			buildActionMask = 2147483647;
			files = (
			);
			inputFileListPaths = (
				"${PODS_ROOT}/Target Support Files/Pods-Base/Pods-Base-resources-${CONFIGURATION}-input-files.xcfilelist",
			);
			name = "[CP] Copy Pods Resources";
			outputFileListPaths = (
				"${PODS_ROOT}/Target Support Files/Pods-Base/Pods-Base-resources-${CONFIGURATION}-output-files.xcfilelist",
			);
			runOnlyForDeploymentPostprocessing = 0;
			shellPath = /bin/sh;
			shellScript = "\"${PODS_ROOT}/Target Support Files/Pods-Base/Pods-Base-resources.sh\"\n";
			showEnvVarsInLog = 0;
		};
		D11E910ABF5BF75B5BBB53A7 /* [CP] Check Pods Manifest.lock */ = {
			isa = PBXShellScriptBuildPhase;
			buildActionMask = 2147483647;
			files = (
			);
			inputFileListPaths = (
			);
			inputPaths = (
				"${PODS_PODFILE_DIR_PATH}/Podfile.lock",
				"${PODS_ROOT}/Manifest.lock",
			);
			name = "[CP] Check Pods Manifest.lock";
			outputFileListPaths = (
			);
			outputPaths = (
				"$(DERIVED_FILE_DIR)/Pods-Base-checkManifestLockResult.txt",
			);
			runOnlyForDeploymentPostprocessing = 0;
			shellPath = /bin/sh;
			shellScript = "diff \"${PODS_PODFILE_DIR_PATH}/Podfile.lock\" \"${PODS_ROOT}/Manifest.lock\" > /dev/null\nif [ $? != 0 ] ; then\n    # print error to STDERR\n    echo \"error: The sandbox is not in sync with the Podfile.lock. Run 'pod install' or update your CocoaPods installation.\" >&2\n    exit 1\nfi\n# This output is used by Xcode 'outputs' to avoid re-running this script phase.\necho \"SUCCESS\" > \"${SCRIPT_OUTPUT_FILE_0}\"\n";
			showEnvVarsInLog = 0;
		};
/* End PBXShellScriptBuildPhase section */

/* Begin PBXSourcesBuildPhase section */
		75A6361824653AC00074B009 /* Sources */ = {
			isa = PBXSourcesBuildPhase;
			buildActionMask = 2147483647;
			files = (
				75905CFC2466575C00101BDA /* NSData+CommonCryptor.m in Sources */,
				75905CEF2466575C00101BDA /* NSMutableDictionary+Safe.m in Sources */,
				75905CED2466575C00101BDA /* NSMutableArray+Safe.m in Sources */,
				75A6362724653AC10074B009 /* ViewController.m in Sources */,
				75905CF12466575C00101BDA /* UIButton+Category.m in Sources */,
				75905CFE2466575C00101BDA /* NSObject+Category.m in Sources */,
				75A6362124653AC10074B009 /* AppDelegate.m in Sources */,
				752FF2A12465501000F57E79 /* BaseView.m in Sources */,
				75905CF92466575C00101BDA /* UITableView+CellAnimation.m in Sources */,
				752FF29E2465500600F57E79 /* BaseController.m in Sources */,
				75905D032466575C00101BDA /* NSDictionary+Category.m in Sources */,
				75905CF42466575C00101BDA /* NSString+Category.m in Sources */,
				752FF2AA2465527800F57E79 /* BaseTabBarController.m in Sources */,
				75905CFD2466575C00101BDA /* NSMutableString+Safe.m in Sources */,
				75A6363224653AC20074B009 /* main.m in Sources */,
				75905CF22466575C00101BDA /* NSString+Safe.m in Sources */,
				75905CF62466575C00101BDA /* NSString+Predicate.m in Sources */,
				75905D012466575C00101BDA /* NSObject+Swizzle.m in Sources */,
				75905CBC246643A000101BDA /* Tools.m in Sources */,
				75905CEE2466575C00101BDA /* NSDictionary+Safe.m in Sources */,
				75905CFB2466575C00101BDA /* NSArray+Safe.m in Sources */,
				752FF2A72465505100F57E79 /* BaseApi.m in Sources */,
				75905CF02466575C00101BDA /* NSAttributedString+Category.m in Sources */,
				75905D002466575C00101BDA /* UIView+Frame.m in Sources */,
				75905D042466575C00101BDA /* UIImage+Category.m in Sources */,
				752FF29B24654FF400F57E79 /* BaseModel.m in Sources */,
				752FF2A42465502600F57E79 /* BaseNaviController.m in Sources */,
				75905CF82466575C00101BDA /* UIView+Category.m in Sources */,
				752FF29824654FD800F57E79 /* Const.m in Sources */,
				75905CFA2466575C00101BDA /* NSString+MD5.m in Sources */,
				75905CF72466575C00101BDA /* NSObject+PerformBlock.m in Sources */,
				75905D022466575C00101BDA /* NSArray+Category.m in Sources */,
				75905CFF2466575C00101BDA /* UIMenuItem+Category.m in Sources */,
				75905CF32466575C00101BDA /* NSString+DisplayTime.m in Sources */,
				75A63649246543640074B009 /* MainViewController.m in Sources */,
				75A6362424653AC10074B009 /* SceneDelegate.m in Sources */,
				75905CF52466575C00101BDA /* UIColor+Category.m in Sources */,
			);
			runOnlyForDeploymentPostprocessing = 0;
		};
		75A6363324653AC20074B009 /* Sources */ = {
			isa = PBXSourcesBuildPhase;
			buildActionMask = 2147483647;
			files = (
				75A6363C24653AC20074B009 /* BaseTests.m in Sources */,
			);
			runOnlyForDeploymentPostprocessing = 0;
		};
/* End PBXSourcesBuildPhase section */

/* Begin PBXTargetDependency section */
		75A6363924653AC20074B009 /* PBXTargetDependency */ = {
			isa = PBXTargetDependency;
			target = 75A6361B24653AC00074B009 /* Base */;
			targetProxy = 75A6363824653AC20074B009 /* PBXContainerItemProxy */;
		};
/* End PBXTargetDependency section */

/* Begin PBXVariantGroup section */
		75A6362824653AC10074B009 /* Main.storyboard */ = {
			isa = PBXVariantGroup;
			children = (
				75A6362924653AC10074B009 /* Base */,
			);
			name = Main.storyboard;
			sourceTree = "<group>";
		};
		75A6362D24653AC20074B009 /* LaunchScreen.storyboard */ = {
			isa = PBXVariantGroup;
			children = (
				75A6362E24653AC20074B009 /* Base */,
			);
			name = LaunchScreen.storyboard;
			sourceTree = "<group>";
		};
/* End PBXVariantGroup section */

/* Begin XCBuildConfiguration section */
		75A6363E24653AC20074B009 /* Debug */ = {
			isa = XCBuildConfiguration;
			buildSettings = {
				ALWAYS_SEARCH_USER_PATHS = NO;
				CLANG_ANALYZER_NONNULL = YES;
				CLANG_ANALYZER_NUMBER_OBJECT_CONVERSION = YES_AGGRESSIVE;
				CLANG_CXX_LANGUAGE_STANDARD = "gnu++14";
				CLANG_CXX_LIBRARY = "libc++";
				CLANG_ENABLE_MODULES = YES;
				CLANG_ENABLE_OBJC_ARC = YES;
				CLANG_ENABLE_OBJC_WEAK = YES;
				CLANG_WARN_BLOCK_CAPTURE_AUTORELEASING = YES;
				CLANG_WARN_BOOL_CONVERSION = YES;
				CLANG_WARN_COMMA = YES;
				CLANG_WARN_CONSTANT_CONVERSION = YES;
				CLANG_WARN_DEPRECATED_OBJC_IMPLEMENTATIONS = YES;
				CLANG_WARN_DIRECT_OBJC_ISA_USAGE = YES_ERROR;
				CLANG_WARN_DOCUMENTATION_COMMENTS = YES;
				CLANG_WARN_EMPTY_BODY = YES;
				CLANG_WARN_ENUM_CONVERSION = YES;
				CLANG_WARN_INFINITE_RECURSION = YES;
				CLANG_WARN_INT_CONVERSION = YES;
				CLANG_WARN_NON_LITERAL_NULL_CONVERSION = YES;
				CLANG_WARN_OBJC_IMPLICIT_RETAIN_SELF = YES;
				CLANG_WARN_OBJC_LITERAL_CONVERSION = YES;
				CLANG_WARN_OBJC_ROOT_CLASS = YES_ERROR;
				CLANG_WARN_RANGE_LOOP_ANALYSIS = YES;
				CLANG_WARN_STRICT_PROTOTYPES = YES;
				CLANG_WARN_SUSPICIOUS_MOVE = YES;
				CLANG_WARN_UNGUARDED_AVAILABILITY = YES_AGGRESSIVE;
				CLANG_WARN_UNREACHABLE_CODE = YES;
				CLANG_WARN__DUPLICATE_METHOD_MATCH = YES;
				COPY_PHASE_STRIP = NO;
				DEBUG_INFORMATION_FORMAT = dwarf;
				ENABLE_STRICT_OBJC_MSGSEND = YES;
				ENABLE_TESTABILITY = YES;
				GCC_C_LANGUAGE_STANDARD = gnu11;
				GCC_DYNAMIC_NO_PIC = NO;
				GCC_NO_COMMON_BLOCKS = YES;
				GCC_OPTIMIZATION_LEVEL = 0;
				GCC_PREPROCESSOR_DEFINITIONS = (
					"DEBUG=1",
					"$(inherited)",
				);
				GCC_WARN_64_TO_32_BIT_CONVERSION = YES;
				GCC_WARN_ABOUT_RETURN_TYPE = YES_ERROR;
				GCC_WARN_UNDECLARED_SELECTOR = YES;
				GCC_WARN_UNINITIALIZED_AUTOS = YES_AGGRESSIVE;
				GCC_WARN_UNUSED_FUNCTION = YES;
				GCC_WARN_UNUSED_VARIABLE = YES;
				IPHONEOS_DEPLOYMENT_TARGET = 13.0;
				MTL_ENABLE_DEBUG_INFO = INCLUDE_SOURCE;
				MTL_FAST_MATH = YES;
				ONLY_ACTIVE_ARCH = YES;
				SDKROOT = iphoneos;
			};
			name = Debug;
		};
		75A6363F24653AC20074B009 /* Release */ = {
			isa = XCBuildConfiguration;
			buildSettings = {
				ALWAYS_SEARCH_USER_PATHS = NO;
				CLANG_ANALYZER_NONNULL = YES;
				CLANG_ANALYZER_NUMBER_OBJECT_CONVERSION = YES_AGGRESSIVE;
				CLANG_CXX_LANGUAGE_STANDARD = "gnu++14";
				CLANG_CXX_LIBRARY = "libc++";
				CLANG_ENABLE_MODULES = YES;
				CLANG_ENABLE_OBJC_ARC = YES;
				CLANG_ENABLE_OBJC_WEAK = YES;
				CLANG_WARN_BLOCK_CAPTURE_AUTORELEASING = YES;
				CLANG_WARN_BOOL_CONVERSION = YES;
				CLANG_WARN_COMMA = YES;
				CLANG_WARN_CONSTANT_CONVERSION = YES;
				CLANG_WARN_DEPRECATED_OBJC_IMPLEMENTATIONS = YES;
				CLANG_WARN_DIRECT_OBJC_ISA_USAGE = YES_ERROR;
				CLANG_WARN_DOCUMENTATION_COMMENTS = YES;
				CLANG_WARN_EMPTY_BODY = YES;
				CLANG_WARN_ENUM_CONVERSION = YES;
				CLANG_WARN_INFINITE_RECURSION = YES;
				CLANG_WARN_INT_CONVERSION = YES;
				CLANG_WARN_NON_LITERAL_NULL_CONVERSION = YES;
				CLANG_WARN_OBJC_IMPLICIT_RETAIN_SELF = YES;
				CLANG_WARN_OBJC_LITERAL_CONVERSION = YES;
				CLANG_WARN_OBJC_ROOT_CLASS = YES_ERROR;
				CLANG_WARN_RANGE_LOOP_ANALYSIS = YES;
				CLANG_WARN_STRICT_PROTOTYPES = YES;
				CLANG_WARN_SUSPICIOUS_MOVE = YES;
				CLANG_WARN_UNGUARDED_AVAILABILITY = YES_AGGRESSIVE;
				CLANG_WARN_UNREACHABLE_CODE = YES;
				CLANG_WARN__DUPLICATE_METHOD_MATCH = YES;
				COPY_PHASE_STRIP = NO;
				DEBUG_INFORMATION_FORMAT = "dwarf-with-dsym";
				ENABLE_NS_ASSERTIONS = NO;
				ENABLE_STRICT_OBJC_MSGSEND = YES;
				GCC_C_LANGUAGE_STANDARD = gnu11;
				GCC_NO_COMMON_BLOCKS = YES;
				GCC_WARN_64_TO_32_BIT_CONVERSION = YES;
				GCC_WARN_ABOUT_RETURN_TYPE = YES_ERROR;
				GCC_WARN_UNDECLARED_SELECTOR = YES;
				GCC_WARN_UNINITIALIZED_AUTOS = YES_AGGRESSIVE;
				GCC_WARN_UNUSED_FUNCTION = YES;
				GCC_WARN_UNUSED_VARIABLE = YES;
				IPHONEOS_DEPLOYMENT_TARGET = 13.0;
				MTL_ENABLE_DEBUG_INFO = NO;
				MTL_FAST_MATH = YES;
				SDKROOT = iphoneos;
				VALIDATE_PRODUCT = YES;
			};
			name = Release;
		};
		75A6364124653AC20074B009 /* Debug */ = {
			isa = XCBuildConfiguration;
			baseConfigurationReference = 97F2D7F539327746E1B7CE7B /* Pods-Base.debug.xcconfig */;
			buildSettings = {
				ASSETCATALOG_COMPILER_APPICON_NAME = AppIcon;
				CODE_SIGN_STYLE = Automatic;
				DEVELOPMENT_TEAM = SUS6KH58YG;
				GCC_PREFIX_HEADER = "$(SRCROOT)/Base/Resource/PrefixHeader.pch";
				INFOPLIST_FILE = Base/Resource/Info.plist;
				LD_RUNPATH_SEARCH_PATHS = (
					"$(inherited)",
					"@executable_path/Frameworks",
				);
				PRODUCT_BUNDLE_IDENTIFIER = com.mobile.Base;
				PRODUCT_NAME = "$(TARGET_NAME)";
				TARGETED_DEVICE_FAMILY = "1,2";
			};
			name = Debug;
		};
		75A6364224653AC20074B009 /* Release */ = {
			isa = XCBuildConfiguration;
			baseConfigurationReference = 918662365F01CF81A0787B5A /* Pods-Base.release.xcconfig */;
			buildSettings = {
				ASSETCATALOG_COMPILER_APPICON_NAME = AppIcon;
				CODE_SIGN_STYLE = Automatic;
				DEVELOPMENT_TEAM = SUS6KH58YG;
				GCC_PREFIX_HEADER = "$(SRCROOT)/Base/Resource/PrefixHeader.pch";
				INFOPLIST_FILE = Base/Resource/Info.plist;
				LD_RUNPATH_SEARCH_PATHS = (
					"$(inherited)",
					"@executable_path/Frameworks",
				);
				PRODUCT_BUNDLE_IDENTIFIER = com.mobile.Base;
				PRODUCT_NAME = "$(TARGET_NAME)";
				TARGETED_DEVICE_FAMILY = "1,2";
			};
			name = Release;
		};
		75A6364424653AC20074B009 /* Debug */ = {
			isa = XCBuildConfiguration;
			buildSettings = {
				BUNDLE_LOADER = "$(TEST_HOST)";
				CODE_SIGN_STYLE = Automatic;
				DEVELOPMENT_TEAM = SUS6KH58YG;
				INFOPLIST_FILE = BaseTests/Info.plist;
				IPHONEOS_DEPLOYMENT_TARGET = 13.4;
				LD_RUNPATH_SEARCH_PATHS = (
					"$(inherited)",
					"@executable_path/Frameworks",
					"@loader_path/Frameworks",
				);
				PRODUCT_BUNDLE_IDENTIFIER = com.mobile.BaseTests;
				PRODUCT_NAME = "$(TARGET_NAME)";
				TARGETED_DEVICE_FAMILY = "1,2";
				TEST_HOST = "$(BUILT_PRODUCTS_DIR)/Base.app/Base";
			};
			name = Debug;
		};
		75A6364524653AC20074B009 /* Release */ = {
			isa = XCBuildConfiguration;
			buildSettings = {
				BUNDLE_LOADER = "$(TEST_HOST)";
				CODE_SIGN_STYLE = Automatic;
				DEVELOPMENT_TEAM = SUS6KH58YG;
				INFOPLIST_FILE = BaseTests/Info.plist;
				IPHONEOS_DEPLOYMENT_TARGET = 13.4;
				LD_RUNPATH_SEARCH_PATHS = (
					"$(inherited)",
					"@executable_path/Frameworks",
					"@loader_path/Frameworks",
				);
				PRODUCT_BUNDLE_IDENTIFIER = com.mobile.BaseTests;
				PRODUCT_NAME = "$(TARGET_NAME)";
				TARGETED_DEVICE_FAMILY = "1,2";
				TEST_HOST = "$(BUILT_PRODUCTS_DIR)/Base.app/Base";
			};
			name = Release;
		};
/* End XCBuildConfiguration section */

/* Begin XCConfigurationList section */
		75A6361724653AC00074B009 /* Build configuration list for PBXProject "Base" */ = {
			isa = XCConfigurationList;
			buildConfigurations = (
				75A6363E24653AC20074B009 /* Debug */,
				75A6363F24653AC20074B009 /* Release */,
			);
			defaultConfigurationIsVisible = 0;
			defaultConfigurationName = Release;
		};
		75A6364024653AC20074B009 /* Build configuration list for PBXNativeTarget "Base" */ = {
			isa = XCConfigurationList;
			buildConfigurations = (
				75A6364124653AC20074B009 /* Debug */,
				75A6364224653AC20074B009 /* Release */,
			);
			defaultConfigurationIsVisible = 0;
			defaultConfigurationName = Release;
		};
		75A6364324653AC20074B009 /* Build configuration list for PBXNativeTarget "BaseTests" */ = {
			isa = XCConfigurationList;
			buildConfigurations = (
				75A6364424653AC20074B009 /* Debug */,
				75A6364524653AC20074B009 /* Release */,
			);
			defaultConfigurationIsVisible = 0;
			defaultConfigurationName = Release;
		};
/* End XCConfigurationList section */
	};
	rootObject = 75A6361424653AC00074B009 /* Project object */;
}
